
Microsoft Visual Studio Solution File, Format Version 12.00
# Visual Studio 15
VisualStudioVersion = 15.0.28307.779
MinimumVisualStudioVersion = 10.0.40219.1
Project("{FAE04EC0-301F-11D3-BF4B-00C04F79EFBC}") = "otus_architecture_lab_6", "otus_architecture_lab_6\otus_architecture_lab_6.csproj", "{7BD393A0-73C2-4A94-958C-22D8444096E7}"
EndProject
Project("{FAE04EC0-301F-11D3-BF4B-00C04F79EFBC}") = "otus_architecture_lab_6_tests", "otus_architecture_lab_6_tests\otus_architecture_lab_6_tests.csproj", "{E3F4B54D-B6A6-4C71-BAAE-F7747A242AD4}"
EndProject
Global
	GlobalSection(SolutionConfigurationPlatforms) = preSolution
		Debug|Any CPU = Debug|Any CPU
		Release|Any CPU = Release|Any CPU
	EndGlobalSection
	GlobalSection(ProjectConfigurationPlatforms) = postSolution
		{7BD393A0-73C2-4A94-958C-22D8444096E7}.Debug|Any CPU.ActiveCfg = Debug|Any CPU
		{7BD393A0-73C2-4A94-958C-22D8444096E7}.Debug|Any CPU.Build.0 = Debug|Any CPU
		{7BD393A0-73C2-4A94-958C-22D8444096E7}.Release|Any CPU.ActiveCfg = Release|Any CPU
		{7BD393A0-73C2-4A94-958C-22D8444096E7}.Release|Any CPU.Build.0 = Release|Any CPU
		{E3F4B54D-B6A6-4C71-BAAE-F7747A242AD4}.Debug|Any CPU.ActiveCfg = Debug|Any CPU
		{E3F4B54D-B6A6-4C71-BAAE-F7747A242AD4}.Debug|Any CPU.Build.0 = Debug|Any CPU
		{E3F4B54D-B6A6-4C71-BAAE-F7747A242AD4}.Release|Any CPU.ActiveCfg = Release|Any CPU
		{E3F4B54D-B6A6-4C71-BAAE-F7747A242AD4}.Release|Any CPU.Build.0 = Release|Any CPU
	EndGlobalSection
	GlobalSection(SolutionProperties) = preSolution
		HideSolutionNode = FALSE
	EndGlobalSection
	GlobalSection(ExtensibilityGlobals) = postSolution
		SolutionGuid = {C8A5914C-1647-4B28-9696-C092D1E08BAA}
	EndGlobalSection
EndGlobal
